// !$*UTF8*$!
{
	archiveVersion = 1;
	classes = {
	};
	objectVersion = 51;
	objects = {

/* Begin PBXBuildFile section */
		1313F39326235525003383FB /* ModeVC.swift in Sources */ = {isa = PBXBuildFile; fileRef = 1313F39126235525003383FB /* ModeVC.swift */; };
		1313F39426235525003383FB /* ModeVC.xib in Resources */ = {isa = PBXBuildFile; fileRef = 1313F39226235525003383FB /* ModeVC.xib */; };
		1313F3992623676B003383FB /* AboutVC.swift in Sources */ = {isa = PBXBuildFile; fileRef = 1313F3972623676B003383FB /* AboutVC.swift */; };
		1313F39A2623676B003383FB /* AboutVC.xib in Resources */ = {isa = PBXBuildFile; fileRef = 1313F3982623676B003383FB /* AboutVC.xib */; };
		1322FFA526273B940042608B /* StatisticsVC.swift in Sources */ = {isa = PBXBuildFile; fileRef = 1322FFA326273B940042608B /* StatisticsVC.swift */; };
		1322FFA626273B940042608B /* StatisticsVC.xib in Resources */ = {isa = PBXBuildFile; fileRef = 1322FFA426273B940042608B /* StatisticsVC.xib */; };
		1322FFAC2627565E0042608B /* TrackTimeGraph.swift in Sources */ = {isa = PBXBuildFile; fileRef = 1322FFAA2627565E0042608B /* TrackTimeGraph.swift */; };
		1322FFAD2627565E0042608B /* TrackTimeGraph.xib in Resources */ = {isa = PBXBuildFile; fileRef = 1322FFAB2627565E0042608B /* TrackTimeGraph.xib */; };
		132DDA5326318B5500DE53A1 /* NotificationService.swift in Sources */ = {isa = PBXBuildFile; fileRef = 132DDA5226318B5500DE53A1 /* NotificationService.swift */; };
		133FC13D26206DA60067B061 /* AppDelegate.swift in Sources */ = {isa = PBXBuildFile; fileRef = 133FC13C26206DA60067B061 /* AppDelegate.swift */; };
		133FC13F26206DA60067B061 /* SceneDelegate.swift in Sources */ = {isa = PBXBuildFile; fileRef = 133FC13E26206DA60067B061 /* SceneDelegate.swift */; };
		133FC14126206DA60067B061 /* ViewController.swift in Sources */ = {isa = PBXBuildFile; fileRef = 133FC14026206DA60067B061 /* ViewController.swift */; };
		133FC14426206DA60067B061 /* Main.storyboard in Resources */ = {isa = PBXBuildFile; fileRef = 133FC14226206DA60067B061 /* Main.storyboard */; };
		133FC14626206DAB0067B061 /* Assets.xcassets in Resources */ = {isa = PBXBuildFile; fileRef = 133FC14526206DAB0067B061 /* Assets.xcassets */; };
		133FC14926206DAB0067B061 /* LaunchScreen.storyboard in Resources */ = {isa = PBXBuildFile; fileRef = 133FC14726206DAB0067B061 /* LaunchScreen.storyboard */; };
		1347B808263347EE0053CCD2 /* TrainingDetailVC.swift in Sources */ = {isa = PBXBuildFile; fileRef = 1347B807263347EE0053CCD2 /* TrainingDetailVC.swift */; };
		1347B80C263348290053CCD2 /* TrainingDetailHeader.swift in Sources */ = {isa = PBXBuildFile; fileRef = 1347B80A263348290053CCD2 /* TrainingDetailHeader.swift */; };
		1347B80D263348290053CCD2 /* TrainingDetailHeader.xib in Resources */ = {isa = PBXBuildFile; fileRef = 1347B80B263348290053CCD2 /* TrainingDetailHeader.xib */; };
		13536EB226233FCE00B3CEB0 /* Constants.swift in Sources */ = {isa = PBXBuildFile; fileRef = 13536EB126233FCE00B3CEB0 /* Constants.swift */; };
		13536EB92623405100B3CEB0 /* TabBarVC.swift in Sources */ = {isa = PBXBuildFile; fileRef = 13536EB82623405100B3CEB0 /* TabBarVC.swift */; };
		13536EBE2623410300B3CEB0 /* PlanVC.swift in Sources */ = {isa = PBXBuildFile; fileRef = 13536EBD2623410300B3CEB0 /* PlanVC.swift */; };
		13536EC9262343AD00B3CEB0 /* PlanCell.swift in Sources */ = {isa = PBXBuildFile; fileRef = 13536EC7262343AD00B3CEB0 /* PlanCell.swift */; };
		13536ECA262343AD00B3CEB0 /* PlanCell.xib in Resources */ = {isa = PBXBuildFile; fileRef = 13536EC8262343AD00B3CEB0 /* PlanCell.xib */; };
		135FEAD9262C42780010844F /* PlanDetailVC.swift in Sources */ = {isa = PBXBuildFile; fileRef = 135FEAD8262C42780010844F /* PlanDetailVC.swift */; };
		135FEADE262C429E0010844F /* PlanDetailHeader.swift in Sources */ = {isa = PBXBuildFile; fileRef = 135FEADC262C429E0010844F /* PlanDetailHeader.swift */; };
		135FEADF262C429E0010844F /* PlanDetailHeader.xib in Resources */ = {isa = PBXBuildFile; fileRef = 135FEADD262C429E0010844F /* PlanDetailHeader.xib */; };
		135FEAE3262C42C40010844F /* YTVideoCell.swift in Sources */ = {isa = PBXBuildFile; fileRef = 135FEAE1262C42C40010844F /* YTVideoCell.swift */; };
		135FEAE4262C42C40010844F /* YTVideoCell.xib in Resources */ = {isa = PBXBuildFile; fileRef = 135FEAE2262C42C40010844F /* YTVideoCell.xib */; };
		135FEAE8262C465A0010844F /* plans.json in Resources */ = {isa = PBXBuildFile; fileRef = 135FEAE7262C465A0010844F /* plans.json */; };
		135FEAEC262C46FB0010844F /* PlanModel.swift in Sources */ = {isa = PBXBuildFile; fileRef = 135FEAEB262C46FB0010844F /* PlanModel.swift */; };
		135FEAF2262C51430010844F /* PlayYTVideoVC.swift in Sources */ = {isa = PBXBuildFile; fileRef = 135FEAF0262C51430010844F /* PlayYTVideoVC.swift */; };
		135FEAF3262C51430010844F /* PlayYTVideoVC.xib in Resources */ = {isa = PBXBuildFile; fileRef = 135FEAF1262C51430010844F /* PlayYTVideoVC.xib */; };
		136842A6263B254C0019D022 /* MotionDetection.swift in Sources */ = {isa = PBXBuildFile; fileRef = 136842A5263B254C0019D022 /* MotionDetection.swift */; };
		136BBA05263F08E900330C1D /* GoogleService-Info.plist in Resources */ = {isa = PBXBuildFile; fileRef = 136BBA04263F08E900330C1D /* GoogleService-Info.plist */; };
		137F6F17263EF85200C8A7A0 /* VerifyPhoneNumber.swift in Sources */ = {isa = PBXBuildFile; fileRef = 137F6F15263EF85200C8A7A0 /* VerifyPhoneNumber.swift */; };
		137F6F18263EF85200C8A7A0 /* VerifyPhoneNumber.xib in Resources */ = {isa = PBXBuildFile; fileRef = 137F6F16263EF85200C8A7A0 /* VerifyPhoneNumber.xib */; };
		137F6F49263EFBDD00C8A7A0 /* OTPVC.swift in Sources */ = {isa = PBXBuildFile; fileRef = 137F6F47263EFBDD00C8A7A0 /* OTPVC.swift */; };
		137F6F4A263EFBDD00C8A7A0 /* OTPVC.xib in Resources */ = {isa = PBXBuildFile; fileRef = 137F6F48263EFBDD00C8A7A0 /* OTPVC.xib */; };
		13B8C832262C9C8C001AB312 /* trainings.json in Resources */ = {isa = PBXBuildFile; fileRef = 13B8C831262C9C8C001AB312 /* trainings.json */; };
		13BB85562625F7E4003FAB2D /* FirebaseDataService.swift in Sources */ = {isa = PBXBuildFile; fileRef = 13BB85552625F7E4003FAB2D /* FirebaseDataService.swift */; };
		13BB855B2625FF3F003FAB2D /* CalibrationSettings.swift in Sources */ = {isa = PBXBuildFile; fileRef = 13BB85592625FF3F003FAB2D /* CalibrationSettings.swift */; };
		13BB855C2625FF3F003FAB2D /* CalibrationSettings.xib in Resources */ = {isa = PBXBuildFile; fileRef = 13BB855A2625FF3F003FAB2D /* CalibrationSettings.xib */; };
		13BB856026260F0F003FAB2D /* Extensions.swift in Sources */ = {isa = PBXBuildFile; fileRef = 13BB855F26260F0F003FAB2D /* Extensions.swift */; };
		13D3F3D82629EACC005AEE16 /* TrainningVC.swift in Sources */ = {isa = PBXBuildFile; fileRef = 13D3F3D72629EACC005AEE16 /* TrainningVC.swift */; };
		13D3F3DD2629EB6B005AEE16 /* TrainingCell.swift in Sources */ = {isa = PBXBuildFile; fileRef = 13D3F3DB2629EB6B005AEE16 /* TrainingCell.swift */; };
		13D3F3DE2629EB6B005AEE16 /* TrainingCell.xib in Resources */ = {isa = PBXBuildFile; fileRef = 13D3F3DC2629EB6B005AEE16 /* TrainingCell.xib */; };
		13D3F3F42629F677005AEE16 /* ToastShow.swift in Sources */ = {isa = PBXBuildFile; fileRef = 13D3F3F32629F677005AEE16 /* ToastShow.swift */; };
		1BEE761BD15C22B1C0EC061C /* Pods_BackAware.framework in Frameworks */ = {isa = PBXBuildFile; fileRef = 34F1616AF0B492BCBA27BB41 /* Pods_BackAware.framework */; };
/* End PBXBuildFile section */

/* Begin PBXFileReference section */
		1313F39126235525003383FB /* ModeVC.swift */ = {isa = PBXFileReference; lastKnownFileType = sourcecode.swift; path = ModeVC.swift; sourceTree = "<group>"; };
		1313F39226235525003383FB /* ModeVC.xib */ = {isa = PBXFileReference; lastKnownFileType = file.xib; path = ModeVC.xib; sourceTree = "<group>"; };
		1313F3972623676B003383FB /* AboutVC.swift */ = {isa = PBXFileReference; lastKnownFileType = sourcecode.swift; path = AboutVC.swift; sourceTree = "<group>"; };
		1313F3982623676B003383FB /* AboutVC.xib */ = {isa = PBXFileReference; lastKnownFileType = file.xib; path = AboutVC.xib; sourceTree = "<group>"; };
		1322FFA326273B940042608B /* StatisticsVC.swift */ = {isa = PBXFileReference; lastKnownFileType = sourcecode.swift; path = StatisticsVC.swift; sourceTree = "<group>"; };
		1322FFA426273B940042608B /* StatisticsVC.xib */ = {isa = PBXFileReference; lastKnownFileType = file.xib; path = StatisticsVC.xib; sourceTree = "<group>"; };
		1322FFAA2627565E0042608B /* TrackTimeGraph.swift */ = {isa = PBXFileReference; lastKnownFileType = sourcecode.swift; path = TrackTimeGraph.swift; sourceTree = "<group>"; };
		1322FFAB2627565E0042608B /* TrackTimeGraph.xib */ = {isa = PBXFileReference; lastKnownFileType = file.xib; path = TrackTimeGraph.xib; sourceTree = "<group>"; };
		132DDA5226318B5500DE53A1 /* NotificationService.swift */ = {isa = PBXFileReference; lastKnownFileType = sourcecode.swift; path = NotificationService.swift; sourceTree = "<group>"; };
		133FC13926206DA60067B061 /* BackAware.app */ = {isa = PBXFileReference; explicitFileType = wrapper.application; includeInIndex = 0; path = BackAware.app; sourceTree = BUILT_PRODUCTS_DIR; };
		133FC13C26206DA60067B061 /* AppDelegate.swift */ = {isa = PBXFileReference; lastKnownFileType = sourcecode.swift; path = AppDelegate.swift; sourceTree = "<group>"; };
		133FC13E26206DA60067B061 /* SceneDelegate.swift */ = {isa = PBXFileReference; lastKnownFileType = sourcecode.swift; path = SceneDelegate.swift; sourceTree = "<group>"; };
		133FC14026206DA60067B061 /* ViewController.swift */ = {isa = PBXFileReference; lastKnownFileType = sourcecode.swift; path = ViewController.swift; sourceTree = "<group>"; };
		133FC14326206DA60067B061 /* Base */ = {isa = PBXFileReference; lastKnownFileType = file.storyboard; name = Base; path = Base.lproj/Main.storyboard; sourceTree = "<group>"; };
		133FC14526206DAB0067B061 /* Assets.xcassets */ = {isa = PBXFileReference; lastKnownFileType = folder.assetcatalog; path = Assets.xcassets; sourceTree = "<group>"; };
		133FC14826206DAB0067B061 /* Base */ = {isa = PBXFileReference; lastKnownFileType = file.storyboard; name = Base; path = Base.lproj/LaunchScreen.storyboard; sourceTree = "<group>"; };
		133FC14A26206DAB0067B061 /* Info.plist */ = {isa = PBXFileReference; lastKnownFileType = text.plist.xml; path = Info.plist; sourceTree = "<group>"; };
		1347B807263347EE0053CCD2 /* TrainingDetailVC.swift */ = {isa = PBXFileReference; lastKnownFileType = sourcecode.swift; path = TrainingDetailVC.swift; sourceTree = "<group>"; };
		1347B80A263348290053CCD2 /* TrainingDetailHeader.swift */ = {isa = PBXFileReference; lastKnownFileType = sourcecode.swift; path = TrainingDetailHeader.swift; sourceTree = "<group>"; };
		1347B80B263348290053CCD2 /* TrainingDetailHeader.xib */ = {isa = PBXFileReference; lastKnownFileType = file.xib; path = TrainingDetailHeader.xib; sourceTree = "<group>"; };
		13536EB126233FCE00B3CEB0 /* Constants.swift */ = {isa = PBXFileReference; lastKnownFileType = sourcecode.swift; path = Constants.swift; sourceTree = "<group>"; };
		13536EB82623405100B3CEB0 /* TabBarVC.swift */ = {isa = PBXFileReference; lastKnownFileType = sourcecode.swift; path = TabBarVC.swift; sourceTree = "<group>"; };
		13536EBD2623410300B3CEB0 /* PlanVC.swift */ = {isa = PBXFileReference; lastKnownFileType = sourcecode.swift; path = PlanVC.swift; sourceTree = "<group>"; };
		13536EC7262343AD00B3CEB0 /* PlanCell.swift */ = {isa = PBXFileReference; lastKnownFileType = sourcecode.swift; path = PlanCell.swift; sourceTree = "<group>"; };
		13536EC8262343AD00B3CEB0 /* PlanCell.xib */ = {isa = PBXFileReference; lastKnownFileType = file.xib; path = PlanCell.xib; sourceTree = "<group>"; };
		135FEAD8262C42780010844F /* PlanDetailVC.swift */ = {isa = PBXFileReference; lastKnownFileType = sourcecode.swift; path = PlanDetailVC.swift; sourceTree = "<group>"; };
		135FEADC262C429E0010844F /* PlanDetailHeader.swift */ = {isa = PBXFileReference; lastKnownFileType = sourcecode.swift; path = PlanDetailHeader.swift; sourceTree = "<group>"; };
		135FEADD262C429E0010844F /* PlanDetailHeader.xib */ = {isa = PBXFileReference; lastKnownFileType = file.xib; path = PlanDetailHeader.xib; sourceTree = "<group>"; };
		135FEAE1262C42C40010844F /* YTVideoCell.swift */ = {isa = PBXFileReference; lastKnownFileType = sourcecode.swift; path = YTVideoCell.swift; sourceTree = "<group>"; };
		135FEAE2262C42C40010844F /* YTVideoCell.xib */ = {isa = PBXFileReference; lastKnownFileType = file.xib; path = YTVideoCell.xib; sourceTree = "<group>"; };
		135FEAE7262C465A0010844F /* plans.json */ = {isa = PBXFileReference; fileEncoding = 4; lastKnownFileType = text.json; name = plans.json; path = "../../../../../Downloads/res/video links in gson/plans.json"; sourceTree = "<group>"; };
		135FEAEB262C46FB0010844F /* PlanModel.swift */ = {isa = PBXFileReference; lastKnownFileType = sourcecode.swift; path = PlanModel.swift; sourceTree = "<group>"; };
		135FEAF0262C51430010844F /* PlayYTVideoVC.swift */ = {isa = PBXFileReference; lastKnownFileType = sourcecode.swift; path = PlayYTVideoVC.swift; sourceTree = "<group>"; };
		135FEAF1262C51430010844F /* PlayYTVideoVC.xib */ = {isa = PBXFileReference; lastKnownFileType = file.xib; path = PlayYTVideoVC.xib; sourceTree = "<group>"; };
		136842A5263B254C0019D022 /* MotionDetection.swift */ = {isa = PBXFileReference; lastKnownFileType = sourcecode.swift; path = MotionDetection.swift; sourceTree = "<group>"; };
		136BBA04263F08E900330C1D /* GoogleService-Info.plist */ = {isa = PBXFileReference; fileEncoding = 4; lastKnownFileType = text.plist.xml; name = "GoogleService-Info.plist"; path = "../../../BackAwareIcons/GoogleService-Info.plist"; sourceTree = "<group>"; };
		136BBA07263F19C600330C1D /* BackAware.entitlements */ = {isa = PBXFileReference; lastKnownFileType = text.plist.entitlements; path = BackAware.entitlements; sourceTree = "<group>"; };
		137F6F15263EF85200C8A7A0 /* VerifyPhoneNumber.swift */ = {isa = PBXFileReference; lastKnownFileType = sourcecode.swift; path = VerifyPhoneNumber.swift; sourceTree = "<group>"; };
		137F6F16263EF85200C8A7A0 /* VerifyPhoneNumber.xib */ = {isa = PBXFileReference; lastKnownFileType = file.xib; path = VerifyPhoneNumber.xib; sourceTree = "<group>"; };
		137F6F47263EFBDD00C8A7A0 /* OTPVC.swift */ = {isa = PBXFileReference; lastKnownFileType = sourcecode.swift; path = OTPVC.swift; sourceTree = "<group>"; };
		137F6F48263EFBDD00C8A7A0 /* OTPVC.xib */ = {isa = PBXFileReference; lastKnownFileType = file.xib; path = OTPVC.xib; sourceTree = "<group>"; };
		13B8C831262C9C8C001AB312 /* trainings.json */ = {isa = PBXFileReference; fileEncoding = 4; lastKnownFileType = text.json; name = trainings.json; path = "../../../../../Downloads/res/video links in gson/trainings.json"; sourceTree = "<group>"; };
		13BB85552625F7E4003FAB2D /* FirebaseDataService.swift */ = {isa = PBXFileReference; lastKnownFileType = sourcecode.swift; path = FirebaseDataService.swift; sourceTree = "<group>"; };
		13BB85592625FF3F003FAB2D /* CalibrationSettings.swift */ = {isa = PBXFileReference; lastKnownFileType = sourcecode.swift; path = CalibrationSettings.swift; sourceTree = "<group>"; };
		13BB855A2625FF3F003FAB2D /* CalibrationSettings.xib */ = {isa = PBXFileReference; lastKnownFileType = file.xib; path = CalibrationSettings.xib; sourceTree = "<group>"; };
		13BB855F26260F0F003FAB2D /* Extensions.swift */ = {isa = PBXFileReference; lastKnownFileType = sourcecode.swift; path = Extensions.swift; sourceTree = "<group>"; };
		13D3F3D72629EACC005AEE16 /* TrainningVC.swift */ = {isa = PBXFileReference; lastKnownFileType = sourcecode.swift; path = TrainningVC.swift; sourceTree = "<group>"; };
		13D3F3DB2629EB6B005AEE16 /* TrainingCell.swift */ = {isa = PBXFileReference; lastKnownFileType = sourcecode.swift; path = TrainingCell.swift; sourceTree = "<group>"; };
		13D3F3DC2629EB6B005AEE16 /* TrainingCell.xib */ = {isa = PBXFileReference; lastKnownFileType = file.xib; path = TrainingCell.xib; sourceTree = "<group>"; };
		13D3F3F32629F677005AEE16 /* ToastShow.swift */ = {isa = PBXFileReference; fileEncoding = 4; lastKnownFileType = sourcecode.swift; path = ToastShow.swift; sourceTree = "<group>"; };
		34F1616AF0B492BCBA27BB41 /* Pods_BackAware.framework */ = {isa = PBXFileReference; explicitFileType = wrapper.framework; includeInIndex = 0; path = Pods_BackAware.framework; sourceTree = BUILT_PRODUCTS_DIR; };
		4022E8CD9F4BBEE37170F59B /* Pods-BackAware.debug.xcconfig */ = {isa = PBXFileReference; includeInIndex = 1; lastKnownFileType = text.xcconfig; name = "Pods-BackAware.debug.xcconfig"; path = "Target Support Files/Pods-BackAware/Pods-BackAware.debug.xcconfig"; sourceTree = "<group>"; };
		D8CD02C2144EEBE16EC8872A /* Pods-BackAware.release.xcconfig */ = {isa = PBXFileReference; includeInIndex = 1; lastKnownFileType = text.xcconfig; name = "Pods-BackAware.release.xcconfig"; path = "Target Support Files/Pods-BackAware/Pods-BackAware.release.xcconfig"; sourceTree = "<group>"; };
/* End PBXFileReference section */

/* Begin PBXFrameworksBuildPhase section */
		133FC13626206DA60067B061 /* Frameworks */ = {
			isa = PBXFrameworksBuildPhase;
			buildActionMask = 2147483647;
			files = (
				1BEE761BD15C22B1C0EC061C /* Pods_BackAware.framework in Frameworks */,
			);
			runOnlyForDeploymentPostprocessing = 0;
		};
/* End PBXFrameworksBuildPhase section */

/* Begin PBXGroup section */
		0CE01E3157516A723528B528 /* Pods */ = {
			isa = PBXGroup;
			children = (
				4022E8CD9F4BBEE37170F59B /* Pods-BackAware.debug.xcconfig */,
				D8CD02C2144EEBE16EC8872A /* Pods-BackAware.release.xcconfig */,
			);
			path = Pods;
			sourceTree = "<group>";
		};
		1313F39626236731003383FB /* AboutVC */ = {
			isa = PBXGroup;
			children = (
				1313F3972623676B003383FB /* AboutVC.swift */,
				1313F3982623676B003383FB /* AboutVC.xib */,
			);
			path = AboutVC;
			sourceTree = "<group>";
		};
		1322FFA226273B5B0042608B /* StatisticsVcs */ = {
			isa = PBXGroup;
			children = (
				1322FFA92627560C0042608B /* TrackGraphVC */,
				1322FFA326273B940042608B /* StatisticsVC.swift */,
				1322FFA426273B940042608B /* StatisticsVC.xib */,
			);
			path = StatisticsVcs;
			sourceTree = "<group>";
		};
		1322FFA92627560C0042608B /* TrackGraphVC */ = {
			isa = PBXGroup;
			children = (
				1322FFAA2627565E0042608B /* TrackTimeGraph.swift */,
				1322FFAB2627565E0042608B /* TrackTimeGraph.xib */,
			);
			path = TrackGraphVC;
			sourceTree = "<group>";
		};
		132DDA5126318B2900DE53A1 /* Notification */ = {
			isa = PBXGroup;
			children = (
				132DDA5226318B5500DE53A1 /* NotificationService.swift */,
			);
			path = Notification;
			sourceTree = "<group>";
		};
		133FC13026206DA60067B061 = {
			isa = PBXGroup;
			children = (
				133FC13B26206DA60067B061 /* BackAware */,
				133FC13A26206DA60067B061 /* Products */,
				0CE01E3157516A723528B528 /* Pods */,
				F271022874F5F652214E7BC0 /* Frameworks */,
			);
			sourceTree = "<group>";
		};
		133FC13A26206DA60067B061 /* Products */ = {
			isa = PBXGroup;
			children = (
				133FC13926206DA60067B061 /* BackAware.app */,
			);
			name = Products;
			sourceTree = "<group>";
		};
		133FC13B26206DA60067B061 /* BackAware */ = {
			isa = PBXGroup;
			children = (
				136BBA07263F19C600330C1D /* BackAware.entitlements */,
				136842A4263B24C70019D022 /* MotionDetecting */,
				132DDA5126318B2900DE53A1 /* Notification */,
				135FEAEA262C46E50010844F /* Models */,
				135FEAE6262C463A0010844F /* JsonFiles */,
				13D3F3F22629F677005AEE16 /* ToastShow */,
				13BB855E26260EF3003FAB2D /* Extensions */,
				13BB85542625F7C3003FAB2D /* FirebaseDataService */,
				13536EB62623401100B3CEB0 /* MainTabBarVC */,
				13536EB026233F9300B3CEB0 /* Constants */,
				13536EAF26233F7700B3CEB0 /* AuthenticationVC */,
				13536EB526233FED00B3CEB0 /* DelegateFiles */,
				133FC14026206DA60067B061 /* ViewController.swift */,
				133FC14226206DA60067B061 /* Main.storyboard */,
				133FC14526206DAB0067B061 /* Assets.xcassets */,
				133FC14726206DAB0067B061 /* LaunchScreen.storyboard */,
				136BBA04263F08E900330C1D /* GoogleService-Info.plist */,
				133FC14A26206DAB0067B061 /* Info.plist */,
			);
			path = BackAware;
			sourceTree = "<group>";
		};
		1347B806263347AB0053CCD2 /* TrainingDetailVC */ = {
			isa = PBXGroup;
			children = (
				1347B807263347EE0053CCD2 /* TrainingDetailVC.swift */,
				1347B80A263348290053CCD2 /* TrainingDetailHeader.swift */,
				1347B80B263348290053CCD2 /* TrainingDetailHeader.xib */,
			);
			path = TrainingDetailVC;
			sourceTree = "<group>";
		};
		13536EAF26233F7700B3CEB0 /* AuthenticationVC */ = {
			isa = PBXGroup;
			children = (
				137F6F15263EF85200C8A7A0 /* VerifyPhoneNumber.swift */,
				137F6F16263EF85200C8A7A0 /* VerifyPhoneNumber.xib */,
				137F6F47263EFBDD00C8A7A0 /* OTPVC.swift */,
				137F6F48263EFBDD00C8A7A0 /* OTPVC.xib */,
			);
			path = AuthenticationVC;
			sourceTree = "<group>";
		};
		13536EB026233F9300B3CEB0 /* Constants */ = {
			isa = PBXGroup;
			children = (
				13536EB126233FCE00B3CEB0 /* Constants.swift */,
			);
			path = Constants;
			sourceTree = "<group>";
		};
		13536EB526233FED00B3CEB0 /* DelegateFiles */ = {
			isa = PBXGroup;
			children = (
				133FC13C26206DA60067B061 /* AppDelegate.swift */,
				133FC13E26206DA60067B061 /* SceneDelegate.swift */,
			);
			path = DelegateFiles;
			sourceTree = "<group>";
		};
		13536EB62623401100B3CEB0 /* MainTabBarVC */ = {
			isa = PBXGroup;
			children = (
				135FEAEF262C51160010844F /* PlayYTVideoVC */,
				13D3F3D62629EA7F005AEE16 /* TrainingVC */,
				1322FFA226273B5B0042608B /* StatisticsVcs */,
				13BB85582625FF04003FAB2D /* CalibrationSettings */,
				1313F39626236731003383FB /* AboutVC */,
				13536EBC262340B000B3CEB0 /* PlansVC */,
				13536EBB262340A300B3CEB0 /* ModeVC */,
				13536EB82623405100B3CEB0 /* TabBarVC.swift */,
			);
			path = MainTabBarVC;
			sourceTree = "<group>";
		};
		13536EBB262340A300B3CEB0 /* ModeVC */ = {
			isa = PBXGroup;
			children = (
				1313F39126235525003383FB /* ModeVC.swift */,
				1313F39226235525003383FB /* ModeVC.xib */,
			);
			path = ModeVC;
			sourceTree = "<group>";
		};
		13536EBC262340B000B3CEB0 /* PlansVC */ = {
			isa = PBXGroup;
			children = (
				135FEAD7262C42420010844F /* PlanDetailsVC */,
				13536EBD2623410300B3CEB0 /* PlanVC.swift */,
				13536EC7262343AD00B3CEB0 /* PlanCell.swift */,
				13536EC8262343AD00B3CEB0 /* PlanCell.xib */,
			);
			path = PlansVC;
			sourceTree = "<group>";
		};
		135FEAD7262C42420010844F /* PlanDetailsVC */ = {
			isa = PBXGroup;
			children = (
				135FEAD8262C42780010844F /* PlanDetailVC.swift */,
				135FEADC262C429E0010844F /* PlanDetailHeader.swift */,
				135FEADD262C429E0010844F /* PlanDetailHeader.xib */,
				135FEAE1262C42C40010844F /* YTVideoCell.swift */,
				135FEAE2262C42C40010844F /* YTVideoCell.xib */,
			);
			path = PlanDetailsVC;
			sourceTree = "<group>";
		};
		135FEAE6262C463A0010844F /* JsonFiles */ = {
			isa = PBXGroup;
			children = (
				13B8C831262C9C8C001AB312 /* trainings.json */,
				135FEAE7262C465A0010844F /* plans.json */,
			);
			path = JsonFiles;
			sourceTree = "<group>";
		};
		135FEAEA262C46E50010844F /* Models */ = {
			isa = PBXGroup;
			children = (
				135FEAEB262C46FB0010844F /* PlanModel.swift */,
			);
			path = Models;
			sourceTree = "<group>";
		};
		135FEAEF262C51160010844F /* PlayYTVideoVC */ = {
			isa = PBXGroup;
			children = (
				135FEAF0262C51430010844F /* PlayYTVideoVC.swift */,
				135FEAF1262C51430010844F /* PlayYTVideoVC.xib */,
			);
			path = PlayYTVideoVC;
			sourceTree = "<group>";
		};
		136842A4263B24C70019D022 /* MotionDetecting */ = {
			isa = PBXGroup;
			children = (
				136842A5263B254C0019D022 /* MotionDetection.swift */,
			);
			path = MotionDetecting;
			sourceTree = "<group>";
		};
		13BB85542625F7C3003FAB2D /* FirebaseDataService */ = {
			isa = PBXGroup;
			children = (
				13BB85552625F7E4003FAB2D /* FirebaseDataService.swift */,
			);
			path = FirebaseDataService;
			sourceTree = "<group>";
		};
		13BB85582625FF04003FAB2D /* CalibrationSettings */ = {
			isa = PBXGroup;
			children = (
				13BB85592625FF3F003FAB2D /* CalibrationSettings.swift */,
				13BB855A2625FF3F003FAB2D /* CalibrationSettings.xib */,
			);
			path = CalibrationSettings;
			sourceTree = "<group>";
		};
		13BB855E26260EF3003FAB2D /* Extensions */ = {
			isa = PBXGroup;
			children = (
				13BB855F26260F0F003FAB2D /* Extensions.swift */,
			);
			path = Extensions;
			sourceTree = "<group>";
		};
		13D3F3D62629EA7F005AEE16 /* TrainingVC */ = {
			isa = PBXGroup;
			children = (
				1347B806263347AB0053CCD2 /* TrainingDetailVC */,
				13D3F3D72629EACC005AEE16 /* TrainningVC.swift */,
				13D3F3DB2629EB6B005AEE16 /* TrainingCell.swift */,
				13D3F3DC2629EB6B005AEE16 /* TrainingCell.xib */,
			);
			path = TrainingVC;
			sourceTree = "<group>";
		};
		13D3F3F22629F677005AEE16 /* ToastShow */ = {
			isa = PBXGroup;
			children = (
				13D3F3F32629F677005AEE16 /* ToastShow.swift */,
			);
			name = ToastShow;
			path = ../../CashFlowiOS/CashFlowiOS/ToastShow;
			sourceTree = "<group>";
		};
		F271022874F5F652214E7BC0 /* Frameworks */ = {
			isa = PBXGroup;
			children = (
				34F1616AF0B492BCBA27BB41 /* Pods_BackAware.framework */,
			);
			name = Frameworks;
			sourceTree = "<group>";
		};
/* End PBXGroup section */

/* Begin PBXNativeTarget section */
		133FC13826206DA60067B061 /* BackAware */ = {
			isa = PBXNativeTarget;
			buildConfigurationList = 133FC14D26206DAB0067B061 /* Build configuration list for PBXNativeTarget "BackAware" */;
			buildPhases = (
				6B0E4B8D3C76F9E27CC8AC6D /* [CP] Check Pods Manifest.lock */,
				133FC13526206DA60067B061 /* Sources */,
				133FC13626206DA60067B061 /* Frameworks */,
				133FC13726206DA60067B061 /* Resources */,
				02EB8D666C4CABFFBF9231EC /* [CP] Embed Pods Frameworks */,
			);
			buildRules = (
			);
			dependencies = (
			);
			name = BackAware;
			productName = BackAware;
			productReference = 133FC13926206DA60067B061 /* BackAware.app */;
			productType = "com.apple.product-type.application";
		};
/* End PBXNativeTarget section */

/* Begin PBXProject section */
		133FC13126206DA60067B061 /* Project object */ = {
			isa = PBXProject;
			attributes = {
				LastSwiftUpdateCheck = 1220;
				LastUpgradeCheck = 1220;
				TargetAttributes = {
					133FC13826206DA60067B061 = {
						CreatedOnToolsVersion = 12.2;
					};
				};
			};
			buildConfigurationList = 133FC13426206DA60067B061 /* Build configuration list for PBXProject "BackAware" */;
			compatibilityVersion = "Xcode 9.3";
			developmentRegion = en;
			hasScannedForEncodings = 0;
			knownRegions = (
				en,
				Base,
			);
			mainGroup = 133FC13026206DA60067B061;
			productRefGroup = 133FC13A26206DA60067B061 /* Products */;
			projectDirPath = "";
			projectRoot = "";
			targets = (
				133FC13826206DA60067B061 /* BackAware */,
			);
		};
/* End PBXProject section */

/* Begin PBXResourcesBuildPhase section */
		133FC13726206DA60067B061 /* Resources */ = {
			isa = PBXResourcesBuildPhase;
			buildActionMask = 2147483647;
			files = (
				135FEAE8262C465A0010844F /* plans.json in Resources */,
				135FEADF262C429E0010844F /* PlanDetailHeader.xib in Resources */,
				13536ECA262343AD00B3CEB0 /* PlanCell.xib in Resources */,
				137F6F4A263EFBDD00C8A7A0 /* OTPVC.xib in Resources */,
				13BB855C2625FF3F003FAB2D /* CalibrationSettings.xib in Resources */,
				1313F39426235525003383FB /* ModeVC.xib in Resources */,
				13B8C832262C9C8C001AB312 /* trainings.json in Resources */,
				13D3F3DE2629EB6B005AEE16 /* TrainingCell.xib in Resources */,
				133FC14926206DAB0067B061 /* LaunchScreen.storyboard in Resources */,
				133FC14626206DAB0067B061 /* Assets.xcassets in Resources */,
				1313F39A2623676B003383FB /* AboutVC.xib in Resources */,
				136BBA05263F08E900330C1D /* GoogleService-Info.plist in Resources */,
				137F6F18263EF85200C8A7A0 /* VerifyPhoneNumber.xib in Resources */,
				1322FFA626273B940042608B /* StatisticsVC.xib in Resources */,
				133FC14426206DA60067B061 /* Main.storyboard in Resources */,
				1347B80D263348290053CCD2 /* TrainingDetailHeader.xib in Resources */,
				1322FFAD2627565E0042608B /* TrackTimeGraph.xib in Resources */,
				135FEAE4262C42C40010844F /* YTVideoCell.xib in Resources */,
				135FEAF3262C51430010844F /* PlayYTVideoVC.xib in Resources */,
			);
			runOnlyForDeploymentPostprocessing = 0;
		};
/* End PBXResourcesBuildPhase section */

/* Begin PBXShellScriptBuildPhase section */
		02EB8D666C4CABFFBF9231EC /* [CP] Embed Pods Frameworks */ = {
			isa = PBXShellScriptBuildPhase;
			buildActionMask = 2147483647;
			files = (
			);
			inputFileListPaths = (
				"${PODS_ROOT}/Target Support Files/Pods-BackAware/Pods-BackAware-frameworks-${CONFIGURATION}-input-files.xcfilelist",
			);
			name = "[CP] Embed Pods Frameworks";
			outputFileListPaths = (
				"${PODS_ROOT}/Target Support Files/Pods-BackAware/Pods-BackAware-frameworks-${CONFIGURATION}-output-files.xcfilelist",
			);
			runOnlyForDeploymentPostprocessing = 0;
			shellPath = /bin/sh;
			shellScript = "\"${PODS_ROOT}/Target Support Files/Pods-BackAware/Pods-BackAware-frameworks.sh\"\n";
			showEnvVarsInLog = 0;
		};
		6B0E4B8D3C76F9E27CC8AC6D /* [CP] Check Pods Manifest.lock */ = {
			isa = PBXShellScriptBuildPhase;
			buildActionMask = 2147483647;
			files = (
			);
			inputFileListPaths = (
			);
			inputPaths = (
				"${PODS_PODFILE_DIR_PATH}/Podfile.lock",
				"${PODS_ROOT}/Manifest.lock",
			);
			name = "[CP] Check Pods Manifest.lock";
			outputFileListPaths = (
			);
			outputPaths = (
				"$(DERIVED_FILE_DIR)/Pods-BackAware-checkManifestLockResult.txt",
			);
			runOnlyForDeploymentPostprocessing = 0;
			shellPath = /bin/sh;
			shellScript = "diff \"${PODS_PODFILE_DIR_PATH}/Podfile.lock\" \"${PODS_ROOT}/Manifest.lock\" > /dev/null\nif [ $? != 0 ] ; then\n    # print error to STDERR\n    echo \"error: The sandbox is not in sync with the Podfile.lock. Run 'pod install' or update your CocoaPods installation.\" >&2\n    exit 1\nfi\n# This output is used by Xcode 'outputs' to avoid re-running this script phase.\necho \"SUCCESS\" > \"${SCRIPT_OUTPUT_FILE_0}\"\n";
			showEnvVarsInLog = 0;
		};
/* End PBXShellScriptBuildPhase section */

/* Begin PBXSourcesBuildPhase section */
		133FC13526206DA60067B061 /* Sources */ = {
			isa = PBXSourcesBuildPhase;
			buildActionMask = 2147483647;
			files = (
				133FC14126206DA60067B061 /* ViewController.swift in Sources */,
				13536EBE2623410300B3CEB0 /* PlanVC.swift in Sources */,
				135FEAD9262C42780010844F /* PlanDetailVC.swift in Sources */,
				13BB855B2625FF3F003FAB2D /* CalibrationSettings.swift in Sources */,
				13D3F3F42629F677005AEE16 /* ToastShow.swift in Sources */,
				135FEAEC262C46FB0010844F /* PlanModel.swift in Sources */,
				13D3F3D82629EACC005AEE16 /* TrainningVC.swift in Sources */,
				135FEADE262C429E0010844F /* PlanDetailHeader.swift in Sources */,
				137F6F17263EF85200C8A7A0 /* VerifyPhoneNumber.swift in Sources */,
				133FC13D26206DA60067B061 /* AppDelegate.swift in Sources */,
				137F6F49263EFBDD00C8A7A0 /* OTPVC.swift in Sources */,
				135FEAE3262C42C40010844F /* YTVideoCell.swift in Sources */,
				13536EB92623405100B3CEB0 /* TabBarVC.swift in Sources */,
				133FC13F26206DA60067B061 /* SceneDelegate.swift in Sources */,
				1322FFA526273B940042608B /* StatisticsVC.swift in Sources */,
				1313F3992623676B003383FB /* AboutVC.swift in Sources */,
				13D3F3DD2629EB6B005AEE16 /* TrainingCell.swift in Sources */,
				136842A6263B254C0019D022 /* MotionDetection.swift in Sources */,
				135FEAF2262C51430010844F /* PlayYTVideoVC.swift in Sources */,
				1347B80C263348290053CCD2 /* TrainingDetailHeader.swift in Sources */,
				13BB856026260F0F003FAB2D /* Extensions.swift in Sources */,
				1347B808263347EE0053CCD2 /* TrainingDetailVC.swift in Sources */,
				1322FFAC2627565E0042608B /* TrackTimeGraph.swift in Sources */,
				13BB85562625F7E4003FAB2D /* FirebaseDataService.swift in Sources */,
				132DDA5326318B5500DE53A1 /* NotificationService.swift in Sources */,
				1313F39326235525003383FB /* ModeVC.swift in Sources */,
				13536EC9262343AD00B3CEB0 /* PlanCell.swift in Sources */,
				13536EB226233FCE00B3CEB0 /* Constants.swift in Sources */,
			);
			runOnlyForDeploymentPostprocessing = 0;
		};
/* End PBXSourcesBuildPhase section */

/* Begin PBXVariantGroup section */
		133FC14226206DA60067B061 /* Main.storyboard */ = {
			isa = PBXVariantGroup;
			children = (
				133FC14326206DA60067B061 /* Base */,
			);
			name = Main.storyboard;
			sourceTree = "<group>";
		};
		133FC14726206DAB0067B061 /* LaunchScreen.storyboard */ = {
			isa = PBXVariantGroup;
			children = (
				133FC14826206DAB0067B061 /* Base */,
			);
			name = LaunchScreen.storyboard;
			sourceTree = "<group>";
		};
/* End PBXVariantGroup section */

/* Begin XCBuildConfiguration section */
		133FC14B26206DAB0067B061 /* Debug */ = {
			isa = XCBuildConfiguration;
			buildSettings = {
				ALWAYS_SEARCH_USER_PATHS = NO;
				CLANG_ANALYZER_NONNULL = YES;
				CLANG_ANALYZER_NUMBER_OBJECT_CONVERSION = YES_AGGRESSIVE;
				CLANG_CXX_LANGUAGE_STANDARD = "gnu++14";
				CLANG_CXX_LIBRARY = "libc++";
				CLANG_ENABLE_MODULES = YES;
				CLANG_ENABLE_OBJC_ARC = YES;
				CLANG_ENABLE_OBJC_WEAK = YES;
				CLANG_WARN_BLOCK_CAPTURE_AUTORELEASING = YES;
				CLANG_WARN_BOOL_CONVERSION = YES;
				CLANG_WARN_COMMA = YES;
				CLANG_WARN_CONSTANT_CONVERSION = YES;
				CLANG_WARN_DEPRECATED_OBJC_IMPLEMENTATIONS = YES;
				CLANG_WARN_DIRECT_OBJC_ISA_USAGE = YES_ERROR;
				CLANG_WARN_DOCUMENTATION_COMMENTS = YES;
				CLANG_WARN_EMPTY_BODY = YES;
				CLANG_WARN_ENUM_CONVERSION = YES;
				CLANG_WARN_INFINITE_RECURSION = YES;
				CLANG_WARN_INT_CONVERSION = YES;
				CLANG_WARN_NON_LITERAL_NULL_CONVERSION = YES;
				CLANG_WARN_OBJC_IMPLICIT_RETAIN_SELF = YES;
				CLANG_WARN_OBJC_LITERAL_CONVERSION = YES;
				CLANG_WARN_OBJC_ROOT_CLASS = YES_ERROR;
				CLANG_WARN_QUOTED_INCLUDE_IN_FRAMEWORK_HEADER = YES;
				CLANG_WARN_RANGE_LOOP_ANALYSIS = YES;
				CLANG_WARN_STRICT_PROTOTYPES = YES;
				CLANG_WARN_SUSPICIOUS_MOVE = YES;
				CLANG_WARN_UNGUARDED_AVAILABILITY = YES_AGGRESSIVE;
				CLANG_WARN_UNREACHABLE_CODE = YES;
				CLANG_WARN__DUPLICATE_METHOD_MATCH = YES;
				COPY_PHASE_STRIP = NO;
				DEBUG_INFORMATION_FORMAT = dwarf;
				ENABLE_STRICT_OBJC_MSGSEND = YES;
				ENABLE_TESTABILITY = YES;
				GCC_C_LANGUAGE_STANDARD = gnu11;
				GCC_DYNAMIC_NO_PIC = NO;
				GCC_NO_COMMON_BLOCKS = YES;
				GCC_OPTIMIZATION_LEVEL = 0;
				GCC_PREPROCESSOR_DEFINITIONS = (
					"DEBUG=1",
					"$(inherited)",
				);
				GCC_WARN_64_TO_32_BIT_CONVERSION = YES;
				GCC_WARN_ABOUT_RETURN_TYPE = YES_ERROR;
				GCC_WARN_UNDECLARED_SELECTOR = YES;
				GCC_WARN_UNINITIALIZED_AUTOS = YES_AGGRESSIVE;
				GCC_WARN_UNUSED_FUNCTION = YES;
				GCC_WARN_UNUSED_VARIABLE = YES;
				IPHONEOS_DEPLOYMENT_TARGET = 14.2;
				MTL_ENABLE_DEBUG_INFO = INCLUDE_SOURCE;
				MTL_FAST_MATH = YES;
				ONLY_ACTIVE_ARCH = YES;
				SDKROOT = iphoneos;
				SWIFT_ACTIVE_COMPILATION_CONDITIONS = DEBUG;
				SWIFT_OPTIMIZATION_LEVEL = "-Onone";
			};
			name = Debug;
		};
		133FC14C26206DAB0067B061 /* Release */ = {
			isa = XCBuildConfiguration;
			buildSettings = {
				ALWAYS_SEARCH_USER_PATHS = NO;
				CLANG_ANALYZER_NONNULL = YES;
				CLANG_ANALYZER_NUMBER_OBJECT_CONVERSION = YES_AGGRESSIVE;
				CLANG_CXX_LANGUAGE_STANDARD = "gnu++14";
				CLANG_CXX_LIBRARY = "libc++";
				CLANG_ENABLE_MODULES = YES;
				CLANG_ENABLE_OBJC_ARC = YES;
				CLANG_ENABLE_OBJC_WEAK = YES;
				CLANG_WARN_BLOCK_CAPTURE_AUTORELEASING = YES;
				CLANG_WARN_BOOL_CONVERSION = YES;
				CLANG_WARN_COMMA = YES;
				CLANG_WARN_CONSTANT_CONVERSION = YES;
				CLANG_WARN_DEPRECATED_OBJC_IMPLEMENTATIONS = YES;
				CLANG_WARN_DIRECT_OBJC_ISA_USAGE = YES_ERROR;
				CLANG_WARN_DOCUMENTATION_COMMENTS = YES;
				CLANG_WARN_EMPTY_BODY = YES;
				CLANG_WARN_ENUM_CONVERSION = YES;
				CLANG_WARN_INFINITE_RECURSION = YES;
				CLANG_WARN_INT_CONVERSION = YES;
				CLANG_WARN_NON_LITERAL_NULL_CONVERSION = YES;
				CLANG_WARN_OBJC_IMPLICIT_RETAIN_SELF = YES;
				CLANG_WARN_OBJC_LITERAL_CONVERSION = YES;
				CLANG_WARN_OBJC_ROOT_CLASS = YES_ERROR;
				CLANG_WARN_QUOTED_INCLUDE_IN_FRAMEWORK_HEADER = YES;
				CLANG_WARN_RANGE_LOOP_ANALYSIS = YES;
				CLANG_WARN_STRICT_PROTOTYPES = YES;
				CLANG_WARN_SUSPICIOUS_MOVE = YES;
				CLANG_WARN_UNGUARDED_AVAILABILITY = YES_AGGRESSIVE;
				CLANG_WARN_UNREACHABLE_CODE = YES;
				CLANG_WARN__DUPLICATE_METHOD_MATCH = YES;
				COPY_PHASE_STRIP = NO;
				DEBUG_INFORMATION_FORMAT = "dwarf-with-dsym";
				ENABLE_NS_ASSERTIONS = NO;
				ENABLE_STRICT_OBJC_MSGSEND = YES;
				GCC_C_LANGUAGE_STANDARD = gnu11;
				GCC_NO_COMMON_BLOCKS = YES;
				GCC_WARN_64_TO_32_BIT_CONVERSION = YES;
				GCC_WARN_ABOUT_RETURN_TYPE = YES_ERROR;
				GCC_WARN_UNDECLARED_SELECTOR = YES;
				GCC_WARN_UNINITIALIZED_AUTOS = YES_AGGRESSIVE;
				GCC_WARN_UNUSED_FUNCTION = YES;
				GCC_WARN_UNUSED_VARIABLE = YES;
				IPHONEOS_DEPLOYMENT_TARGET = 14.2;
				MTL_ENABLE_DEBUG_INFO = NO;
				MTL_FAST_MATH = YES;
				SDKROOT = iphoneos;
				SWIFT_COMPILATION_MODE = wholemodule;
				SWIFT_OPTIMIZATION_LEVEL = "-O";
				VALIDATE_PRODUCT = YES;
			};
			name = Release;
		};
		133FC14E26206DAB0067B061 /* Debug */ = {
			isa = XCBuildConfiguration;
			baseConfigurationReference = 4022E8CD9F4BBEE37170F59B /* Pods-BackAware.debug.xcconfig */;
			buildSettings = {
				ASSETCATALOG_COMPILER_APPICON_NAME = AppIcon;
				ASSETCATALOG_COMPILER_GLOBAL_ACCENT_COLOR_NAME = AccentColor;
				CODE_SIGN_ENTITLEMENTS = BackAware/BackAware.entitlements;
				CODE_SIGN_STYLE = Automatic;
				DEVELOPMENT_TEAM = CQ5AV8SV7S;
				INFOPLIST_FILE = BackAware/Info.plist;
				IPHONEOS_DEPLOYMENT_TARGET = 13.0;
				LD_RUNPATH_SEARCH_PATHS = (
					"$(inherited)",
					"@executable_path/Frameworks",
				);
				PRODUCT_BUNDLE_IDENTIFIER = com.devomech.backaware;
				PRODUCT_NAME = "$(TARGET_NAME)";
				SWIFT_VERSION = 5.0;
				TARGETED_DEVICE_FAMILY = 1;
			};
			name = Debug;
		};
		133FC14F26206DAB0067B061 /* Release */ = {
			isa = XCBuildConfiguration;
			baseConfigurationReference = D8CD02C2144EEBE16EC8872A /* Pods-BackAware.release.xcconfig */;
			buildSettings = {
				ASSETCATALOG_COMPILER_APPICON_NAME = AppIcon;
				ASSETCATALOG_COMPILER_GLOBAL_ACCENT_COLOR_NAME = AccentColor;
				CODE_SIGN_ENTITLEMENTS = BackAware/BackAware.entitlements;
				CODE_SIGN_STYLE = Automatic;
				DEVELOPMENT_TEAM = CQ5AV8SV7S;
				INFOPLIST_FILE = BackAware/Info.plist;
				IPHONEOS_DEPLOYMENT_TARGET = 13.0;
				LD_RUNPATH_SEARCH_PATHS = (
					"$(inherited)",
					"@executable_path/Frameworks",
				);
				PRODUCT_BUNDLE_IDENTIFIER = com.devomech.backaware;
				PRODUCT_NAME = "$(TARGET_NAME)";
				SWIFT_VERSION = 5.0;
				TARGETED_DEVICE_FAMILY = 1;
			};
			name = Release;
		};
/* End XCBuildConfiguration section */

/* Begin XCConfigurationList section */
		133FC13426206DA60067B061 /* Build configuration list for PBXProject "BackAware" */ = {
			isa = XCConfigurationList;
			buildConfigurations = (
				133FC14B26206DAB0067B061 /* Debug */,
				133FC14C26206DAB0067B061 /* Release */,
			);
			defaultConfigurationIsVisible = 0;
			defaultConfigurationName = Release;
		};
		133FC14D26206DAB0067B061 /* Build configuration list for PBXNativeTarget "BackAware" */ = {
			isa = XCConfigurationList;
			buildConfigurations = (
				133FC14E26206DAB0067B061 /* Debug */,
				133FC14F26206DAB0067B061 /* Release */,
			);
			defaultConfigurationIsVisible = 0;
			defaultConfigurationName = Release;
		};
/* End XCConfigurationList section */
	};
	rootObject = 133FC13126206DA60067B061 /* Project object */;
}
